
Microsoft Visual Studio Solution File, Format Version 12.00
# Visual Studio Version 17
VisualStudioVersion = 17.2.32505.173
MinimumVisualStudioVersion = 10.0.40219.1
Project("{8BC9CEB8-8B4A-11D0-8D11-00A0C91BC942}") = "InfoClient", "InfoClient\InfoClient.vcxproj", "{794C0DDC-F29A-4549-9BCC-431D15EFAE91}"
EndProject
Global
	GlobalSection(SolutionConfigurationPlatforms) = preSolution
		Debug|x64 = Debug|x64
		Debug|x86 = Debug|x86
		Release|x64 = Release|x64
		Release|x86 = Release|x86
	EndGlobalSection
	GlobalSection(ProjectConfigurationPlatforms) = postSolution
		{794C0DDC-F29A-4549-9BCC-431D15EFAE91}.Debug|x64.ActiveCfg = Debug|x64
		{794C0DDC-F29A-4549-9BCC-431D15EFAE91}.Debug|x64.Build.0 = Debug|x64
		{794C0DDC-F29A-4549-9BCC-431D15EFAE91}.Debug|x86.ActiveCfg = Debug|Win32
		{794C0DDC-F29A-4549-9BCC-431D15EFAE91}.Debug|x86.Build.0 = Debug|Win32
		{794C0DDC-F29A-4549-9BCC-431D15EFAE91}.Release|x64.ActiveCfg = Release|x64
		{794C0DDC-F29A-4549-9BCC-431D15EFAE91}.Release|x64.Build.0 = Release|x64
		{794C0DDC-F29A-4549-9BCC-431D15EFAE91}.Release|x86.ActiveCfg = Release|Win32
		{794C0DDC-F29A-4549-9BCC-431D15EFAE91}.Release|x86.Build.0 = Release|Win32
	EndGlobalSection
	GlobalSection(SolutionProperties) = preSolution
		HideSolutionNode = FALSE
	EndGlobalSection
	GlobalSection(ExtensibilityGlobals) = postSolution
		SolutionGuid = {7A28D558-7B22-4A11-B1CD-A9991EF714B8}
	EndGlobalSection
EndGlobal
