<?xml version="1.0" encoding="utf-8"?>
<Project ToolsVersion="4.0" xmlns="http://schemas.microsoft.com/developer/msbuild/2003">
  <ItemGroup>
    <Filter Include="소스 파일">
      <UniqueIdentifier>{4FC737F1-C7A5-4376-A066-2A32D752A2FF}</UniqueIdentifier>
      <Extensions>cpp;c;cc;cxx;c++;cppm;ixx;def;odl;idl;hpj;bat;asm;asmx</Extensions>
    </Filter>
    <Filter Include="헤더 파일">
      <UniqueIdentifier>{93995380-89BD-4b04-88EB-625FBE52EBFB}</UniqueIdentifier>
      <Extensions>h;hh;hpp;hxx;h++;hm;inl;inc;ipp;xsd</Extensions>
    </Filter>
    <Filter Include="리소스 파일">
      <UniqueIdentifier>{67DA6AB6-F800-4c08-8B7A-83BB121AAD01}</UniqueIdentifier>
      <Extensions>rc;ico;cur;bmp;dlg;rc2;rct;bin;rgs;gif;jpg;jpeg;jpe;resx;tiff;tif;png;wav;mfcribbon-ms</Extensions>
    </Filter>
    <Filter Include="소스 파일\Scenes">
      <UniqueIdentifier>{36a5764c-28c2-4503-be54-ea8ff664e3f3}</UniqueIdentifier>
    </Filter>
    <Filter Include="리소스 파일\MainScreen">
      <UniqueIdentifier>{d3b2dcca-7a43-4ab5-b86f-3946489d0cb0}</UniqueIdentifier>
    </Filter>
    <Filter Include="리소스 파일\SettingScreen">
      <UniqueIdentifier>{60bffff2-cca7-4484-bbbf-e28bc7c79ace}</UniqueIdentifier>
    </Filter>
    <Filter Include="리소스 파일\GameScreen">
      <UniqueIdentifier>{ec8c75f8-4a1c-435e-a521-0f55bc8176b5}</UniqueIdentifier>
    </Filter>
    <Filter Include="리소스 파일\HostScreen">
      <UniqueIdentifier>{dc9b0768-3b6f-4281-9655-e422924c6e08}</UniqueIdentifier>
    </Filter>
    <Filter Include="리소스 파일\GameScreen\TileLD">
      <UniqueIdentifier>{00dab7bb-b34a-4e2a-a6ba-5b6dcb7833c1}</UniqueIdentifier>
    </Filter>
    <Filter Include="리소스 파일\GameScreen\TileLR">
      <UniqueIdentifier>{574c48a3-03d1-4021-b79f-78f106d890ed}</UniqueIdentifier>
    </Filter>
    <Filter Include="리소스 파일\GameScreen\TileUL">
      <UniqueIdentifier>{b5238522-12f1-4b0d-adce-d9a5c9af6d8e}</UniqueIdentifier>
    </Filter>
    <Filter Include="리소스 파일\GameScreen\TileRD">
      <UniqueIdentifier>{475ea09e-b4e6-4352-9b0e-f148a14a8984}</UniqueIdentifier>
    </Filter>
    <Filter Include="리소스 파일\GameScreen\TileUD">
      <UniqueIdentifier>{57c3997b-0e91-41d8-89d3-2532b5305dd9}</UniqueIdentifier>
    </Filter>
    <Filter Include="리소스 파일\GameScreen\TileUR">
      <UniqueIdentifier>{d3a1435e-c6c2-4d6b-9aba-fea916d7a50c}</UniqueIdentifier>
    </Filter>
  </ItemGroup>
  <ItemGroup>
    <ClCompile Include="main.cpp">
      <Filter>소스 파일</Filter>
    </ClCompile>
    <ClCompile Include="Graphic.cpp">
      <Filter>소스 파일</Filter>
    </ClCompile>
    <ClCompile Include="Window.cpp">
      <Filter>소스 파일</Filter>
    </ClCompile>
    <ClCompile Include="Chars.cpp">
      <Filter>소스 파일</Filter>
    </ClCompile>
    <ClCompile Include="MainScreen.cpp">
      <Filter>소스 파일\Scenes</Filter>
    </ClCompile>
    <ClCompile Include="Input.cpp">
      <Filter>소스 파일</Filter>
    </ClCompile>
    <ClCompile Include="Game.cpp">
      <Filter>소스 파일</Filter>
    </ClCompile>
    <ClCompile Include="GameState.cpp">
      <Filter>소스 파일</Filter>
    </ClCompile>
    <ClCompile Include="SettingScreen.cpp">
      <Filter>소스 파일\Scenes</Filter>
    </ClCompile>
    <ClCompile Include="Network.cpp">
      <Filter>소스 파일</Filter>
    </ClCompile>
    <ClCompile Include="HostScreen.cpp">
      <Filter>소스 파일\Scenes</Filter>
    </ClCompile>
    <ClCompile Include="FindScreen.cpp">
      <Filter>소스 파일\Scenes</Filter>
    </ClCompile>
    <ClCompile Include="GameScreen.cpp">
      <Filter>소스 파일\Scenes</Filter>
    </ClCompile>
  </ItemGroup>
  <ItemGroup>
    <ClInclude Include="Chars.h">
      <Filter>헤더 파일</Filter>
    </ClInclude>
    <ClInclude Include="Graphic.h">
      <Filter>헤더 파일</Filter>
    </ClInclude>
    <ClInclude Include="Window.h">
      <Filter>헤더 파일</Filter>
    </ClInclude>
    <ClInclude Include="GameState.h">
      <Filter>헤더 파일</Filter>
    </ClInclude>
    <ClInclude Include="Input.h">
      <Filter>헤더 파일</Filter>
    </ClInclude>
    <ClInclude Include="Game.h">
      <Filter>헤더 파일</Filter>
    </ClInclude>
    <ClInclude Include="Scenes.h">
      <Filter>헤더 파일</Filter>
    </ClInclude>
    <ClInclude Include="Network.h">
      <Filter>헤더 파일</Filter>
    </ClInclude>
  </ItemGroup>
  <ItemGroup>
    <None Include="SettingButton.gres">
      <Filter>리소스 파일\MainScreen</Filter>
    </None>
    <None Include="On.gres">
      <Filter>리소스 파일\SettingScreen</Filter>
    </None>
    <None Include="Off.gres">
      <Filter>리소스 파일\SettingScreen</Filter>
    </None>
    <None Include="Setting_LOGO.gres">
      <Filter>리소스 파일\SettingScreen</Filter>
    </None>
    <None Include="BackButton.gres">
      <Filter>리소스 파일\SettingScreen</Filter>
    </None>
    <None Include="Card1.gres">
      <Filter>리소스 파일\MainScreen</Filter>
    </None>
    <None Include="Card2.gres">
      <Filter>리소스 파일\MainScreen</Filter>
    </None>
    <None Include="CIRCUIT_LOGO.gres">
      <Filter>리소스 파일\MainScreen</Filter>
    </None>
    <None Include="GiftButton.gres">
      <Filter>리소스 파일\MainScreen</Filter>
    </None>
    <None Include="HostButton.gres">
      <Filter>리소스 파일\MainScreen</Filter>
    </None>
    <None Include="FindButton.gres">
      <Filter>리소스 파일\MainScreen</Filter>
    </None>
    <None Include="HostCancelButton.gres">
      <Filter>리소스 파일\HostScreen</Filter>
    </None>
    <None Include="TileLD.gres">
      <Filter>리소스 파일\GameScreen\TileLD</Filter>
    </None>
    <None Include="TileLDD.gres">
      <Filter>리소스 파일\GameScreen\TileLD</Filter>
    </None>
    <None Include="TileLDL.gres">
      <Filter>리소스 파일\GameScreen\TileLD</Filter>
    </None>
    <None Include="TileLDLD.gres">
      <Filter>리소스 파일\GameScreen\TileLD</Filter>
    </None>
    <None Include="TileLR.gres">
      <Filter>리소스 파일\GameScreen\TileLR</Filter>
    </None>
    <None Include="TileLRL.gres">
      <Filter>리소스 파일\GameScreen\TileLR</Filter>
    </None>
    <None Include="TileLRR.gres">
      <Filter>리소스 파일\GameScreen\TileLR</Filter>
    </None>
    <None Include="TileLRLR.gres">
      <Filter>리소스 파일\GameScreen\TileLR</Filter>
    </None>
    <None Include="TileUL.gres">
      <Filter>리소스 파일\GameScreen\TileUL</Filter>
    </None>
    <None Include="TileULU.gres">
      <Filter>리소스 파일\GameScreen\TileUL</Filter>
    </None>
    <None Include="TileULL.gres">
      <Filter>리소스 파일\GameScreen\TileUL</Filter>
    </None>
    <None Include="TileULUL.gres">
      <Filter>리소스 파일\GameScreen\TileUL</Filter>
    </None>
    <None Include="TileRD.gres">
      <Filter>리소스 파일\GameScreen\TileRD</Filter>
    </None>
    <None Include="TileRDR.gres">
      <Filter>리소스 파일\GameScreen\TileRD</Filter>
    </None>
    <None Include="TileRDRD.gres">
      <Filter>리소스 파일\GameScreen\TileRD</Filter>
    </None>
    <None Include="TileRDD.gres">
      <Filter>리소스 파일\GameScreen\TileRD</Filter>
    </None>
    <None Include="TileUD.gres">
      <Filter>리소스 파일\GameScreen\TileUD</Filter>
    </None>
    <None Include="TileUDU.gres">
      <Filter>리소스 파일\GameScreen\TileUD</Filter>
    </None>
    <None Include="TileUDD.gres">
      <Filter>리소스 파일\GameScreen\TileUD</Filter>
    </None>
    <None Include="TileUDUD.gres">
      <Filter>리소스 파일\GameScreen\TileUD</Filter>
    </None>
    <None Include="TileUR.gres">
      <Filter>리소스 파일\GameScreen\TileUR</Filter>
    </None>
    <None Include="TileURU.gres">
      <Filter>리소스 파일\GameScreen\TileUR</Filter>
    </None>
    <None Include="TileURR.gres">
      <Filter>리소스 파일\GameScreen\TileUR</Filter>
    </None>
    <None Include="TileURUR.gres">
      <Filter>리소스 파일\GameScreen\TileUR</Filter>
    </None>
    <None Include="TileFrameOff.gres">
      <Filter>리소스 파일\GameScreen</Filter>
    </None>
    <None Include="TileFrameOn.gres">
      <Filter>리소스 파일\GameScreen</Filter>
    </None>
  </ItemGroup>
  <ItemGroup>
    <Text Include="GBSLAND_LOGO.gres">
      <Filter>리소스 파일\MainScreen</Filter>
    </Text>
  </ItemGroup>
</Project>